
Microsoft Visual Studio Solution File, Format Version 12.00
# Visual Studio Version 17
VisualStudioVersion = 17.3.32922.545
MinimumVisualStudioVersion = 10.0.40219.1
Project("{9A19103F-16F7-4668-BE54-9A1E7A4F7556}") = "MindBoxTask", "MindBoxTask\MindBoxTask.csproj", "{4EA315BA-037D-4FFF-9FAB-DE1B7D37E522}"
EndProject
Project("{FAE04EC0-301F-11D3-BF4B-00C04F79EFBC}") = "MindBoxTask.Tests", "MindBoxTask.Tests\MindBoxTask.Tests.csproj", "{FAC8B900-E9D1-438C-BE16-2FD81393A6BC}"
EndProject
Global
	GlobalSection(SolutionConfigurationPlatforms) = preSolution
		Debug|Any CPU = Debug|Any CPU
		Release|Any CPU = Release|Any CPU
	EndGlobalSection
	GlobalSection(ProjectConfigurationPlatforms) = postSolution
		{4EA315BA-037D-4FFF-9FAB-DE1B7D37E522}.Debug|Any CPU.ActiveCfg = Debug|Any CPU
		{4EA315BA-037D-4FFF-9FAB-DE1B7D37E522}.Debug|Any CPU.Build.0 = Debug|Any CPU
		{4EA315BA-037D-4FFF-9FAB-DE1B7D37E522}.Release|Any CPU.ActiveCfg = Release|Any CPU
		{4EA315BA-037D-4FFF-9FAB-DE1B7D37E522}.Release|Any CPU.Build.0 = Release|Any CPU
		{FAC8B900-E9D1-438C-BE16-2FD81393A6BC}.Debug|Any CPU.ActiveCfg = Debug|Any CPU
		{FAC8B900-E9D1-438C-BE16-2FD81393A6BC}.Debug|Any CPU.Build.0 = Debug|Any CPU
		{FAC8B900-E9D1-438C-BE16-2FD81393A6BC}.Release|Any CPU.ActiveCfg = Release|Any CPU
		{FAC8B900-E9D1-438C-BE16-2FD81393A6BC}.Release|Any CPU.Build.0 = Release|Any CPU
	EndGlobalSection
	GlobalSection(SolutionProperties) = preSolution
		HideSolutionNode = FALSE
	EndGlobalSection
	GlobalSection(ExtensibilityGlobals) = postSolution
		SolutionGuid = {F247002A-89ED-495C-9489-1719FB193DE3}
	EndGlobalSection
EndGlobal
